
Microsoft Visual Studio Solution File, Format Version 12.00
# Visual Studio Version 16
VisualStudioVersion = 16.0.31424.327
MinimumVisualStudioVersion = 10.0.40219.1
Project("{9A19103F-16F7-4668-BE54-9A1E7A4F7556}") = "CinemaBookingGIC", "CinemaBookingGIC.csproj", "{F62EB13E-F031-4DBB-A6B5-587437A0CD2A}"
EndProject
Project("{9A19103F-16F7-4668-BE54-9A1E7A4F7556}") = "CinemaBookingTests", "..\CinemaBookingTests\CinemaBookingTests.csproj", "{8FD1BC86-68D7-43CC-99E8-64427558FA02}"
EndProject
Project("{2150E333-8FDC-42A3-9474-1A3956D46DE8}") = "Internal", "Internal", "{4830B0D9-FD6D-4129-9858-DDCA7A0CB516}"
EndProject
Project("{9A19103F-16F7-4668-BE54-9A1E7A4F7556}") = "CinemaBookingCore", "..\CinemaBookingCore\CinemaBookingCore.csproj", "{B7F7403C-C077-4C15-B55F-EA1AED3B78A7}"
EndProject
Global
	GlobalSection(SolutionConfigurationPlatforms) = preSolution
		Debug|Any CPU = Debug|Any CPU
		Release|Any CPU = Release|Any CPU
	EndGlobalSection
	GlobalSection(ProjectConfigurationPlatforms) = postSolution
		{F62EB13E-F031-4DBB-A6B5-587437A0CD2A}.Debug|Any CPU.ActiveCfg = Debug|Any CPU
		{F62EB13E-F031-4DBB-A6B5-587437A0CD2A}.Debug|Any CPU.Build.0 = Debug|Any CPU
		{F62EB13E-F031-4DBB-A6B5-587437A0CD2A}.Release|Any CPU.ActiveCfg = Release|Any CPU
		{F62EB13E-F031-4DBB-A6B5-587437A0CD2A}.Release|Any CPU.Build.0 = Release|Any CPU
		{8FD1BC86-68D7-43CC-99E8-64427558FA02}.Debug|Any CPU.ActiveCfg = Debug|Any CPU
		{8FD1BC86-68D7-43CC-99E8-64427558FA02}.Debug|Any CPU.Build.0 = Debug|Any CPU
		{8FD1BC86-68D7-43CC-99E8-64427558FA02}.Release|Any CPU.ActiveCfg = Release|Any CPU
		{8FD1BC86-68D7-43CC-99E8-64427558FA02}.Release|Any CPU.Build.0 = Release|Any CPU
		{B7F7403C-C077-4C15-B55F-EA1AED3B78A7}.Debug|Any CPU.ActiveCfg = Debug|Any CPU
		{B7F7403C-C077-4C15-B55F-EA1AED3B78A7}.Debug|Any CPU.Build.0 = Debug|Any CPU
		{B7F7403C-C077-4C15-B55F-EA1AED3B78A7}.Release|Any CPU.ActiveCfg = Release|Any CPU
		{B7F7403C-C077-4C15-B55F-EA1AED3B78A7}.Release|Any CPU.Build.0 = Release|Any CPU
	EndGlobalSection
	GlobalSection(SolutionProperties) = preSolution
		HideSolutionNode = FALSE
	EndGlobalSection
	GlobalSection(NestedProjects) = preSolution
		{B7F7403C-C077-4C15-B55F-EA1AED3B78A7} = {4830B0D9-FD6D-4129-9858-DDCA7A0CB516}
	EndGlobalSection
	GlobalSection(ExtensibilityGlobals) = postSolution
		SolutionGuid = {638E451B-2C28-4584-873D-C7D3ED86272D}
	EndGlobalSection
EndGlobal
